
Microsoft Visual Studio Solution File, Format Version 12.00
# Visual Studio 14
VisualStudioVersion = 14.0.23107.0
MinimumVisualStudioVersion = 10.0.40219.1
Project("{8BC9CEB8-8B4A-11D0-8D11-00A0C91BC942}") = "libs3", "vc2015\libs3.vcxproj", "{EC1A992B-B245-44B1-989E-38B0E0BF8AEE}"
	ProjectSection(ProjectDependencies) = postProject
		{DA6F56B4-06A4-441D-AD70-AC5A7D51FADB} = {DA6F56B4-06A4-441D-AD70-AC5A7D51FADB}
		{BB7B03FE-5852-4F38-8D24-107A3DC19029} = {BB7B03FE-5852-4F38-8D24-107A3DC19029}
	EndProjectSection
EndProject
Project("{8BC9CEB8-8B4A-11D0-8D11-00A0C91BC942}") = "s3_client", "vc2015\s3_client.vcxproj", "{A60F530F-3DAF-4281-96EC-4550726236CF}"
	ProjectSection(ProjectDependencies) = postProject
		{EC1A992B-B245-44B1-989E-38B0E0BF8AEE} = {EC1A992B-B245-44B1-989E-38B0E0BF8AEE}
		{DA6F56B4-06A4-441D-AD70-AC5A7D51FADB} = {DA6F56B4-06A4-441D-AD70-AC5A7D51FADB}
		{BB7B03FE-5852-4F38-8D24-107A3DC19029} = {BB7B03FE-5852-4F38-8D24-107A3DC19029}
	EndProjectSection
EndProject
Project("{8BC9CEB8-8B4A-11D0-8D11-00A0C91BC942}") = "libcurl", "..\deps\curl\projects\Windows\vc2015\lib\libcurl.vcxproj", "{DA6F56B4-06A4-441D-AD70-AC5A7D51FADB}"
EndProject
Project("{8BC9CEB8-8B4A-11D0-8D11-00A0C91BC942}") = "libxml2", "..\deps\libxml2\win32\vc2015\libxml2.vcxproj", "{BB7B03FE-5852-4F38-8D24-107A3DC19029}"
EndProject
Global
	GlobalSection(SolutionConfigurationPlatforms) = preSolution
		Debug|x64 = Debug|x64
		Debug|x86 = Debug|x86
		LIB Debug - LIB OpenSSL - LIB LibSSH2|x64 = LIB Debug - LIB OpenSSL - LIB LibSSH2|x64
		LIB Debug - LIB OpenSSL - LIB LibSSH2|x86 = LIB Debug - LIB OpenSSL - LIB LibSSH2|x86
		LIB Debug - LIB OpenSSL|x64 = LIB Debug - LIB OpenSSL|x64
		LIB Debug - LIB OpenSSL|x86 = LIB Debug - LIB OpenSSL|x86
		LIB Debug - LIB wolfSSL|x64 = LIB Debug - LIB wolfSSL|x64
		LIB Debug - LIB wolfSSL|x86 = LIB Debug - LIB wolfSSL|x86
		LIB Debug|x64 = LIB Debug|x64
		LIB Debug|x86 = LIB Debug|x86
		LIB Release - LIB OpenSSL - LIB LibSSH2|x64 = LIB Release - LIB OpenSSL - LIB LibSSH2|x64
		LIB Release - LIB OpenSSL - LIB LibSSH2|x86 = LIB Release - LIB OpenSSL - LIB LibSSH2|x86
		LIB Release - LIB OpenSSL|x64 = LIB Release - LIB OpenSSL|x64
		LIB Release - LIB OpenSSL|x86 = LIB Release - LIB OpenSSL|x86
		LIB Release - LIB wolfSSL|x64 = LIB Release - LIB wolfSSL|x64
		LIB Release - LIB wolfSSL|x86 = LIB Release - LIB wolfSSL|x86
		LIB Release|x64 = LIB Release|x64
		LIB Release|x86 = LIB Release|x86
		MinSizeRel|x64 = MinSizeRel|x64
		MinSizeRel|x86 = MinSizeRel|x86
		Release|x64 = Release|x64
		Release|x86 = Release|x86
		RelWithDebInfo|x64 = RelWithDebInfo|x64
		RelWithDebInfo|x86 = RelWithDebInfo|x86
	EndGlobalSection
	GlobalSection(ProjectConfigurationPlatforms) = postSolution
		{EC1A992B-B245-44B1-989E-38B0E0BF8AEE}.Debug|x64.ActiveCfg = Debug|x64
		{EC1A992B-B245-44B1-989E-38B0E0BF8AEE}.Debug|x64.Build.0 = Debug|x64
		{EC1A992B-B245-44B1-989E-38B0E0BF8AEE}.Debug|x86.ActiveCfg = Debug|Win32
		{EC1A992B-B245-44B1-989E-38B0E0BF8AEE}.Debug|x86.Build.0 = Debug|Win32
		{EC1A992B-B245-44B1-989E-38B0E0BF8AEE}.LIB Debug - LIB OpenSSL - LIB LibSSH2|x64.ActiveCfg = Debug|x64
		{EC1A992B-B245-44B1-989E-38B0E0BF8AEE}.LIB Debug - LIB OpenSSL - LIB LibSSH2|x64.Build.0 = Debug|x64
		{EC1A992B-B245-44B1-989E-38B0E0BF8AEE}.LIB Debug - LIB OpenSSL - LIB LibSSH2|x86.ActiveCfg = Debug|Win32
		{EC1A992B-B245-44B1-989E-38B0E0BF8AEE}.LIB Debug - LIB OpenSSL - LIB LibSSH2|x86.Build.0 = Debug|Win32
		{EC1A992B-B245-44B1-989E-38B0E0BF8AEE}.LIB Debug - LIB OpenSSL|x64.ActiveCfg = Debug|x64
		{EC1A992B-B245-44B1-989E-38B0E0BF8AEE}.LIB Debug - LIB OpenSSL|x64.Build.0 = Debug|x64
		{EC1A992B-B245-44B1-989E-38B0E0BF8AEE}.LIB Debug - LIB OpenSSL|x86.ActiveCfg = Debug|Win32
		{EC1A992B-B245-44B1-989E-38B0E0BF8AEE}.LIB Debug - LIB OpenSSL|x86.Build.0 = Debug|Win32
		{EC1A992B-B245-44B1-989E-38B0E0BF8AEE}.LIB Debug - LIB wolfSSL|x64.ActiveCfg = Debug|x64
		{EC1A992B-B245-44B1-989E-38B0E0BF8AEE}.LIB Debug - LIB wolfSSL|x64.Build.0 = Debug|x64
		{EC1A992B-B245-44B1-989E-38B0E0BF8AEE}.LIB Debug - LIB wolfSSL|x86.ActiveCfg = Debug|Win32
		{EC1A992B-B245-44B1-989E-38B0E0BF8AEE}.LIB Debug - LIB wolfSSL|x86.Build.0 = Debug|Win32
		{EC1A992B-B245-44B1-989E-38B0E0BF8AEE}.LIB Debug|x64.ActiveCfg = Debug|x64
		{EC1A992B-B245-44B1-989E-38B0E0BF8AEE}.LIB Debug|x64.Build.0 = Debug|x64
		{EC1A992B-B245-44B1-989E-38B0E0BF8AEE}.LIB Debug|x86.ActiveCfg = Debug|Win32
		{EC1A992B-B245-44B1-989E-38B0E0BF8AEE}.LIB Debug|x86.Build.0 = Debug|Win32
		{EC1A992B-B245-44B1-989E-38B0E0BF8AEE}.LIB Release - LIB OpenSSL - LIB LibSSH2|x64.ActiveCfg = Release|x64
		{EC1A992B-B245-44B1-989E-38B0E0BF8AEE}.LIB Release - LIB OpenSSL - LIB LibSSH2|x64.Build.0 = Release|x64
		{EC1A992B-B245-44B1-989E-38B0E0BF8AEE}.LIB Release - LIB OpenSSL - LIB LibSSH2|x86.ActiveCfg = Release|Win32
		{EC1A992B-B245-44B1-989E-38B0E0BF8AEE}.LIB Release - LIB OpenSSL - LIB LibSSH2|x86.Build.0 = Release|Win32
		{EC1A992B-B245-44B1-989E-38B0E0BF8AEE}.LIB Release - LIB OpenSSL|x64.ActiveCfg = Release|x64
		{EC1A992B-B245-44B1-989E-38B0E0BF8AEE}.LIB Release - LIB OpenSSL|x64.Build.0 = Release|x64
		{EC1A992B-B245-44B1-989E-38B0E0BF8AEE}.LIB Release - LIB OpenSSL|x86.ActiveCfg = Release|Win32
		{EC1A992B-B245-44B1-989E-38B0E0BF8AEE}.LIB Release - LIB OpenSSL|x86.Build.0 = Release|Win32
		{EC1A992B-B245-44B1-989E-38B0E0BF8AEE}.LIB Release - LIB wolfSSL|x64.ActiveCfg = Release|x64
		{EC1A992B-B245-44B1-989E-38B0E0BF8AEE}.LIB Release - LIB wolfSSL|x64.Build.0 = Release|x64
		{EC1A992B-B245-44B1-989E-38B0E0BF8AEE}.LIB Release - LIB wolfSSL|x86.ActiveCfg = Release|Win32
		{EC1A992B-B245-44B1-989E-38B0E0BF8AEE}.LIB Release - LIB wolfSSL|x86.Build.0 = Release|Win32
		{EC1A992B-B245-44B1-989E-38B0E0BF8AEE}.LIB Release|x64.ActiveCfg = Release|x64
		{EC1A992B-B245-44B1-989E-38B0E0BF8AEE}.LIB Release|x64.Build.0 = Release|x64
		{EC1A992B-B245-44B1-989E-38B0E0BF8AEE}.LIB Release|x86.ActiveCfg = Release|Win32
		{EC1A992B-B245-44B1-989E-38B0E0BF8AEE}.LIB Release|x86.Build.0 = Release|Win32
		{EC1A992B-B245-44B1-989E-38B0E0BF8AEE}.MinSizeRel|x64.ActiveCfg = MinSizeRel|x64
		{EC1A992B-B245-44B1-989E-38B0E0BF8AEE}.MinSizeRel|x64.Build.0 = MinSizeRel|x64
		{EC1A992B-B245-44B1-989E-38B0E0BF8AEE}.MinSizeRel|x86.ActiveCfg = MinSizeRel|Win32
		{EC1A992B-B245-44B1-989E-38B0E0BF8AEE}.MinSizeRel|x86.Build.0 = MinSizeRel|Win32
		{EC1A992B-B245-44B1-989E-38B0E0BF8AEE}.Release|x64.ActiveCfg = Release|x64
		{EC1A992B-B245-44B1-989E-38B0E0BF8AEE}.Release|x64.Build.0 = Release|x64
		{EC1A992B-B245-44B1-989E-38B0E0BF8AEE}.Release|x86.ActiveCfg = Release|Win32
		{EC1A992B-B245-44B1-989E-38B0E0BF8AEE}.Release|x86.Build.0 = Release|Win32
		{EC1A992B-B245-44B1-989E-38B0E0BF8AEE}.RelWithDebInfo|x64.ActiveCfg = RelWithDebInfo|x64
		{EC1A992B-B245-44B1-989E-38B0E0BF8AEE}.RelWithDebInfo|x64.Build.0 = RelWithDebInfo|x64
		{EC1A992B-B245-44B1-989E-38B0E0BF8AEE}.RelWithDebInfo|x86.ActiveCfg = RelWithDebInfo|Win32
		{EC1A992B-B245-44B1-989E-38B0E0BF8AEE}.RelWithDebInfo|x86.Build.0 = RelWithDebInfo|Win32
		{A60F530F-3DAF-4281-96EC-4550726236CF}.Debug|x64.ActiveCfg = Debug|x64
		{A60F530F-3DAF-4281-96EC-4550726236CF}.Debug|x64.Build.0 = Debug|x64
		{A60F530F-3DAF-4281-96EC-4550726236CF}.Debug|x86.ActiveCfg = Debug|Win32
		{A60F530F-3DAF-4281-96EC-4550726236CF}.Debug|x86.Build.0 = Debug|Win32
		{A60F530F-3DAF-4281-96EC-4550726236CF}.LIB Debug - LIB OpenSSL - LIB LibSSH2|x64.ActiveCfg = Debug|x64
		{A60F530F-3DAF-4281-96EC-4550726236CF}.LIB Debug - LIB OpenSSL - LIB LibSSH2|x64.Build.0 = Debug|x64
		{A60F530F-3DAF-4281-96EC-4550726236CF}.LIB Debug - LIB OpenSSL - LIB LibSSH2|x86.ActiveCfg = Debug|Win32
		{A60F530F-3DAF-4281-96EC-4550726236CF}.LIB Debug - LIB OpenSSL - LIB LibSSH2|x86.Build.0 = Debug|Win32
		{A60F530F-3DAF-4281-96EC-4550726236CF}.LIB Debug - LIB OpenSSL|x64.ActiveCfg = Debug|x64
		{A60F530F-3DAF-4281-96EC-4550726236CF}.LIB Debug - LIB OpenSSL|x64.Build.0 = Debug|x64
		{A60F530F-3DAF-4281-96EC-4550726236CF}.LIB Debug - LIB OpenSSL|x86.ActiveCfg = Debug|Win32
		{A60F530F-3DAF-4281-96EC-4550726236CF}.LIB Debug - LIB OpenSSL|x86.Build.0 = Debug|Win32
		{A60F530F-3DAF-4281-96EC-4550726236CF}.LIB Debug - LIB wolfSSL|x64.ActiveCfg = Debug|x64
		{A60F530F-3DAF-4281-96EC-4550726236CF}.LIB Debug - LIB wolfSSL|x64.Build.0 = Debug|x64
		{A60F530F-3DAF-4281-96EC-4550726236CF}.LIB Debug - LIB wolfSSL|x86.ActiveCfg = Debug|Win32
		{A60F530F-3DAF-4281-96EC-4550726236CF}.LIB Debug - LIB wolfSSL|x86.Build.0 = Debug|Win32
		{A60F530F-3DAF-4281-96EC-4550726236CF}.LIB Debug|x64.ActiveCfg = Debug|x64
		{A60F530F-3DAF-4281-96EC-4550726236CF}.LIB Debug|x64.Build.0 = Debug|x64
		{A60F530F-3DAF-4281-96EC-4550726236CF}.LIB Debug|x86.ActiveCfg = Debug|Win32
		{A60F530F-3DAF-4281-96EC-4550726236CF}.LIB Debug|x86.Build.0 = Debug|Win32
		{A60F530F-3DAF-4281-96EC-4550726236CF}.LIB Release - LIB OpenSSL - LIB LibSSH2|x64.ActiveCfg = Release|x64
		{A60F530F-3DAF-4281-96EC-4550726236CF}.LIB Release - LIB OpenSSL - LIB LibSSH2|x64.Build.0 = Release|x64
		{A60F530F-3DAF-4281-96EC-4550726236CF}.LIB Release - LIB OpenSSL - LIB LibSSH2|x86.ActiveCfg = Release|Win32
		{A60F530F-3DAF-4281-96EC-4550726236CF}.LIB Release - LIB OpenSSL - LIB LibSSH2|x86.Build.0 = Release|Win32
		{A60F530F-3DAF-4281-96EC-4550726236CF}.LIB Release - LIB OpenSSL|x64.ActiveCfg = Release|x64
		{A60F530F-3DAF-4281-96EC-4550726236CF}.LIB Release - LIB OpenSSL|x64.Build.0 = Release|x64
		{A60F530F-3DAF-4281-96EC-4550726236CF}.LIB Release - LIB OpenSSL|x86.ActiveCfg = Release|Win32
		{A60F530F-3DAF-4281-96EC-4550726236CF}.LIB Release - LIB OpenSSL|x86.Build.0 = Release|Win32
		{A60F530F-3DAF-4281-96EC-4550726236CF}.LIB Release - LIB wolfSSL|x64.ActiveCfg = Release|x64
		{A60F530F-3DAF-4281-96EC-4550726236CF}.LIB Release - LIB wolfSSL|x64.Build.0 = Release|x64
		{A60F530F-3DAF-4281-96EC-4550726236CF}.LIB Release - LIB wolfSSL|x86.ActiveCfg = Release|Win32
		{A60F530F-3DAF-4281-96EC-4550726236CF}.LIB Release - LIB wolfSSL|x86.Build.0 = Release|Win32
		{A60F530F-3DAF-4281-96EC-4550726236CF}.LIB Release|x64.ActiveCfg = Release|x64
		{A60F530F-3DAF-4281-96EC-4550726236CF}.LIB Release|x64.Build.0 = Release|x64
		{A60F530F-3DAF-4281-96EC-4550726236CF}.LIB Release|x86.ActiveCfg = Release|Win32
		{A60F530F-3DAF-4281-96EC-4550726236CF}.LIB Release|x86.Build.0 = Release|Win32
		{A60F530F-3DAF-4281-96EC-4550726236CF}.MinSizeRel|x64.ActiveCfg = MinSizeRel|x64
		{A60F530F-3DAF-4281-96EC-4550726236CF}.MinSizeRel|x64.Build.0 = MinSizeRel|x64
		{A60F530F-3DAF-4281-96EC-4550726236CF}.MinSizeRel|x86.ActiveCfg = MinSizeRel|Win32
		{A60F530F-3DAF-4281-96EC-4550726236CF}.MinSizeRel|x86.Build.0 = MinSizeRel|Win32
		{A60F530F-3DAF-4281-96EC-4550726236CF}.Release|x64.ActiveCfg = Release|x64
		{A60F530F-3DAF-4281-96EC-4550726236CF}.Release|x64.Build.0 = Release|x64
		{A60F530F-3DAF-4281-96EC-4550726236CF}.Release|x86.ActiveCfg = Release|Win32
		{A60F530F-3DAF-4281-96EC-4550726236CF}.Release|x86.Build.0 = Release|Win32
		{A60F530F-3DAF-4281-96EC-4550726236CF}.RelWithDebInfo|x64.ActiveCfg = RelWithDebInfo|x64
		{A60F530F-3DAF-4281-96EC-4550726236CF}.RelWithDebInfo|x64.Build.0 = RelWithDebInfo|x64
		{A60F530F-3DAF-4281-96EC-4550726236CF}.RelWithDebInfo|x86.ActiveCfg = RelWithDebInfo|Win32
		{A60F530F-3DAF-4281-96EC-4550726236CF}.RelWithDebInfo|x86.Build.0 = RelWithDebInfo|Win32
		{DA6F56B4-06A4-441D-AD70-AC5A7D51FADB}.Debug|x64.ActiveCfg = LIB Debug|x64
		{DA6F56B4-06A4-441D-AD70-AC5A7D51FADB}.Debug|x64.Build.0 = LIB Debug|x64
		{DA6F56B4-06A4-441D-AD70-AC5A7D51FADB}.Debug|x86.ActiveCfg = LIB Debug|Win32
		{DA6F56B4-06A4-441D-AD70-AC5A7D51FADB}.Debug|x86.Build.0 = LIB Debug|Win32
		{DA6F56B4-06A4-441D-AD70-AC5A7D51FADB}.LIB Debug - LIB OpenSSL - LIB LibSSH2|x64.ActiveCfg = LIB Debug - LIB OpenSSL - LIB LibSSH2|x64
		{DA6F56B4-06A4-441D-AD70-AC5A7D51FADB}.LIB Debug - LIB OpenSSL - LIB LibSSH2|x64.Build.0 = LIB Debug - LIB OpenSSL - LIB LibSSH2|x64
		{DA6F56B4-06A4-441D-AD70-AC5A7D51FADB}.LIB Debug - LIB OpenSSL - LIB LibSSH2|x86.ActiveCfg = LIB Debug - LIB OpenSSL - LIB LibSSH2|Win32
		{DA6F56B4-06A4-441D-AD70-AC5A7D51FADB}.LIB Debug - LIB OpenSSL - LIB LibSSH2|x86.Build.0 = LIB Debug - LIB OpenSSL - LIB LibSSH2|Win32
		{DA6F56B4-06A4-441D-AD70-AC5A7D51FADB}.LIB Debug - LIB OpenSSL|x64.ActiveCfg = LIB Debug - LIB OpenSSL|x64
		{DA6F56B4-06A4-441D-AD70-AC5A7D51FADB}.LIB Debug - LIB OpenSSL|x64.Build.0 = LIB Debug - LIB OpenSSL|x64
		{DA6F56B4-06A4-441D-AD70-AC5A7D51FADB}.LIB Debug - LIB OpenSSL|x86.ActiveCfg = LIB Debug - LIB OpenSSL|Win32
		{DA6F56B4-06A4-441D-AD70-AC5A7D51FADB}.LIB Debug - LIB OpenSSL|x86.Build.0 = LIB Debug - LIB OpenSSL|Win32
		{DA6F56B4-06A4-441D-AD70-AC5A7D51FADB}.LIB Debug - LIB wolfSSL|x64.ActiveCfg = LIB Debug - LIB wolfSSL|x64
		{DA6F56B4-06A4-441D-AD70-AC5A7D51FADB}.LIB Debug - LIB wolfSSL|x64.Build.0 = LIB Debug - LIB wolfSSL|x64
		{DA6F56B4-06A4-441D-AD70-AC5A7D51FADB}.LIB Debug - LIB wolfSSL|x86.ActiveCfg = LIB Debug - LIB wolfSSL|Win32
		{DA6F56B4-06A4-441D-AD70-AC5A7D51FADB}.LIB Debug - LIB wolfSSL|x86.Build.0 = LIB Debug - LIB wolfSSL|Win32
		{DA6F56B4-06A4-441D-AD70-AC5A7D51FADB}.LIB Debug|x64.ActiveCfg = LIB Debug|x64
		{DA6F56B4-06A4-441D-AD70-AC5A7D51FADB}.LIB Debug|x64.Build.0 = LIB Debug|x64
		{DA6F56B4-06A4-441D-AD70-AC5A7D51FADB}.LIB Debug|x86.ActiveCfg = LIB Debug|Win32
		{DA6F56B4-06A4-441D-AD70-AC5A7D51FADB}.LIB Debug|x86.Build.0 = LIB Debug|Win32
		{DA6F56B4-06A4-441D-AD70-AC5A7D51FADB}.LIB Release - LIB OpenSSL - LIB LibSSH2|x64.ActiveCfg = LIB Release - LIB OpenSSL - LIB LibSSH2|x64
		{DA6F56B4-06A4-441D-AD70-AC5A7D51FADB}.LIB Release - LIB OpenSSL - LIB LibSSH2|x64.Build.0 = LIB Release - LIB OpenSSL - LIB LibSSH2|x64
		{DA6F56B4-06A4-441D-AD70-AC5A7D51FADB}.LIB Release - LIB OpenSSL - LIB LibSSH2|x86.ActiveCfg = LIB Release - LIB OpenSSL - LIB LibSSH2|Win32
		{DA6F56B4-06A4-441D-AD70-AC5A7D51FADB}.LIB Release - LIB OpenSSL - LIB LibSSH2|x86.Build.0 = LIB Release - LIB OpenSSL - LIB LibSSH2|Win32
		{DA6F56B4-06A4-441D-AD70-AC5A7D51FADB}.LIB Release - LIB OpenSSL|x64.ActiveCfg = LIB Release - LIB OpenSSL|x64
		{DA6F56B4-06A4-441D-AD70-AC5A7D51FADB}.LIB Release - LIB OpenSSL|x64.Build.0 = LIB Release - LIB OpenSSL|x64
		{DA6F56B4-06A4-441D-AD70-AC5A7D51FADB}.LIB Release - LIB OpenSSL|x86.ActiveCfg = LIB Release - LIB OpenSSL|Win32
		{DA6F56B4-06A4-441D-AD70-AC5A7D51FADB}.LIB Release - LIB OpenSSL|x86.Build.0 = LIB Release - LIB OpenSSL|Win32
		{DA6F56B4-06A4-441D-AD70-AC5A7D51FADB}.LIB Release - LIB wolfSSL|x64.ActiveCfg = LIB Release - LIB wolfSSL|x64
		{DA6F56B4-06A4-441D-AD70-AC5A7D51FADB}.LIB Release - LIB wolfSSL|x64.Build.0 = LIB Release - LIB wolfSSL|x64
		{DA6F56B4-06A4-441D-AD70-AC5A7D51FADB}.LIB Release - LIB wolfSSL|x86.ActiveCfg = LIB Release - LIB wolfSSL|Win32
		{DA6F56B4-06A4-441D-AD70-AC5A7D51FADB}.LIB Release - LIB wolfSSL|x86.Build.0 = LIB Release - LIB wolfSSL|Win32
		{DA6F56B4-06A4-441D-AD70-AC5A7D51FADB}.LIB Release|x64.ActiveCfg = LIB Release|x64
		{DA6F56B4-06A4-441D-AD70-AC5A7D51FADB}.LIB Release|x64.Build.0 = LIB Release|x64
		{DA6F56B4-06A4-441D-AD70-AC5A7D51FADB}.LIB Release|x86.ActiveCfg = LIB Release|Win32
		{DA6F56B4-06A4-441D-AD70-AC5A7D51FADB}.LIB Release|x86.Build.0 = LIB Release|Win32
		{DA6F56B4-06A4-441D-AD70-AC5A7D51FADB}.MinSizeRel|x64.ActiveCfg = LIB Release - LIB OpenSSL - LIB LibSSH2|x64
		{DA6F56B4-06A4-441D-AD70-AC5A7D51FADB}.MinSizeRel|x64.Build.0 = LIB Release - LIB OpenSSL - LIB LibSSH2|x64
		{DA6F56B4-06A4-441D-AD70-AC5A7D51FADB}.MinSizeRel|x86.ActiveCfg = LIB Release - LIB OpenSSL - LIB LibSSH2|Win32
		{DA6F56B4-06A4-441D-AD70-AC5A7D51FADB}.MinSizeRel|x86.Build.0 = LIB Release - LIB OpenSSL - LIB LibSSH2|Win32
		{DA6F56B4-06A4-441D-AD70-AC5A7D51FADB}.Release|x64.ActiveCfg = LIB Release|x64
		{DA6F56B4-06A4-441D-AD70-AC5A7D51FADB}.Release|x64.Build.0 = LIB Release|x64
		{DA6F56B4-06A4-441D-AD70-AC5A7D51FADB}.Release|x86.ActiveCfg = LIB Release|Win32
		{DA6F56B4-06A4-441D-AD70-AC5A7D51FADB}.Release|x86.Build.0 = LIB Release|Win32
		{DA6F56B4-06A4-441D-AD70-AC5A7D51FADB}.RelWithDebInfo|x64.ActiveCfg = LIB Release - LIB OpenSSL - LIB LibSSH2|x64
		{DA6F56B4-06A4-441D-AD70-AC5A7D51FADB}.RelWithDebInfo|x64.Build.0 = LIB Release - LIB OpenSSL - LIB LibSSH2|x64
		{DA6F56B4-06A4-441D-AD70-AC5A7D51FADB}.RelWithDebInfo|x86.ActiveCfg = LIB Release - LIB OpenSSL - LIB LibSSH2|Win32
		{DA6F56B4-06A4-441D-AD70-AC5A7D51FADB}.RelWithDebInfo|x86.Build.0 = LIB Release - LIB OpenSSL - LIB LibSSH2|Win32
		{BB7B03FE-5852-4F38-8D24-107A3DC19029}.Debug|x64.ActiveCfg = Debug|x64
		{BB7B03FE-5852-4F38-8D24-107A3DC19029}.Debug|x64.Build.0 = Debug|x64
		{BB7B03FE-5852-4F38-8D24-107A3DC19029}.Debug|x86.ActiveCfg = Debug|Win32
		{BB7B03FE-5852-4F38-8D24-107A3DC19029}.Debug|x86.Build.0 = Debug|Win32
		{BB7B03FE-5852-4F38-8D24-107A3DC19029}.LIB Debug - LIB OpenSSL - LIB LibSSH2|x64.ActiveCfg = Debug|x64
		{BB7B03FE-5852-4F38-8D24-107A3DC19029}.LIB Debug - LIB OpenSSL - LIB LibSSH2|x64.Build.0 = Debug|x64
		{BB7B03FE-5852-4F38-8D24-107A3DC19029}.LIB Debug - LIB OpenSSL - LIB LibSSH2|x86.ActiveCfg = Debug|Win32
		{BB7B03FE-5852-4F38-8D24-107A3DC19029}.LIB Debug - LIB OpenSSL - LIB LibSSH2|x86.Build.0 = Debug|Win32
		{BB7B03FE-5852-4F38-8D24-107A3DC19029}.LIB Debug - LIB OpenSSL|x64.ActiveCfg = Debug|x64
		{BB7B03FE-5852-4F38-8D24-107A3DC19029}.LIB Debug - LIB OpenSSL|x64.Build.0 = Debug|x64
		{BB7B03FE-5852-4F38-8D24-107A3DC19029}.LIB Debug - LIB OpenSSL|x86.ActiveCfg = Debug|Win32
		{BB7B03FE-5852-4F38-8D24-107A3DC19029}.LIB Debug - LIB OpenSSL|x86.Build.0 = Debug|Win32
		{BB7B03FE-5852-4F38-8D24-107A3DC19029}.LIB Debug - LIB wolfSSL|x64.ActiveCfg = Debug|x64
		{BB7B03FE-5852-4F38-8D24-107A3DC19029}.LIB Debug - LIB wolfSSL|x64.Build.0 = Debug|x64
		{BB7B03FE-5852-4F38-8D24-107A3DC19029}.LIB Debug - LIB wolfSSL|x86.ActiveCfg = Debug|Win32
		{BB7B03FE-5852-4F38-8D24-107A3DC19029}.LIB Debug - LIB wolfSSL|x86.Build.0 = Debug|Win32
		{BB7B03FE-5852-4F38-8D24-107A3DC19029}.LIB Debug|x64.ActiveCfg = Debug|x64
		{BB7B03FE-5852-4F38-8D24-107A3DC19029}.LIB Debug|x64.Build.0 = Debug|x64
		{BB7B03FE-5852-4F38-8D24-107A3DC19029}.LIB Debug|x86.ActiveCfg = Debug|Win32
		{BB7B03FE-5852-4F38-8D24-107A3DC19029}.LIB Debug|x86.Build.0 = Debug|Win32
		{BB7B03FE-5852-4F38-8D24-107A3DC19029}.LIB Release - LIB OpenSSL - LIB LibSSH2|x64.ActiveCfg = Release|x64
		{BB7B03FE-5852-4F38-8D24-107A3DC19029}.LIB Release - LIB OpenSSL - LIB LibSSH2|x64.Build.0 = Release|x64
		{BB7B03FE-5852-4F38-8D24-107A3DC19029}.LIB Release - LIB OpenSSL - LIB LibSSH2|x86.ActiveCfg = Release|Win32
		{BB7B03FE-5852-4F38-8D24-107A3DC19029}.LIB Release - LIB OpenSSL - LIB LibSSH2|x86.Build.0 = Release|Win32
		{BB7B03FE-5852-4F38-8D24-107A3DC19029}.LIB Release - LIB OpenSSL|x64.ActiveCfg = Release|x64
		{BB7B03FE-5852-4F38-8D24-107A3DC19029}.LIB Release - LIB OpenSSL|x64.Build.0 = Release|x64
		{BB7B03FE-5852-4F38-8D24-107A3DC19029}.LIB Release - LIB OpenSSL|x86.ActiveCfg = Release|Win32
		{BB7B03FE-5852-4F38-8D24-107A3DC19029}.LIB Release - LIB OpenSSL|x86.Build.0 = Release|Win32
		{BB7B03FE-5852-4F38-8D24-107A3DC19029}.LIB Release - LIB wolfSSL|x64.ActiveCfg = Release|x64
		{BB7B03FE-5852-4F38-8D24-107A3DC19029}.LIB Release - LIB wolfSSL|x64.Build.0 = Release|x64
		{BB7B03FE-5852-4F38-8D24-107A3DC19029}.LIB Release - LIB wolfSSL|x86.ActiveCfg = Release|Win32
		{BB7B03FE-5852-4F38-8D24-107A3DC19029}.LIB Release - LIB wolfSSL|x86.Build.0 = Release|Win32
		{BB7B03FE-5852-4F38-8D24-107A3DC19029}.LIB Release|x64.ActiveCfg = Release|x64
		{BB7B03FE-5852-4F38-8D24-107A3DC19029}.LIB Release|x64.Build.0 = Release|x64
		{BB7B03FE-5852-4F38-8D24-107A3DC19029}.LIB Release|x86.ActiveCfg = Release|Win32
		{BB7B03FE-5852-4F38-8D24-107A3DC19029}.LIB Release|x86.Build.0 = Release|Win32
		{BB7B03FE-5852-4F38-8D24-107A3DC19029}.MinSizeRel|x64.ActiveCfg = Release|x64
		{BB7B03FE-5852-4F38-8D24-107A3DC19029}.MinSizeRel|x64.Build.0 = Release|x64
		{BB7B03FE-5852-4F38-8D24-107A3DC19029}.MinSizeRel|x86.ActiveCfg = Release|Win32
		{BB7B03FE-5852-4F38-8D24-107A3DC19029}.MinSizeRel|x86.Build.0 = Release|Win32
		{BB7B03FE-5852-4F38-8D24-107A3DC19029}.Release|x64.ActiveCfg = Release|x64
		{BB7B03FE-5852-4F38-8D24-107A3DC19029}.Release|x64.Build.0 = Release|x64
		{BB7B03FE-5852-4F38-8D24-107A3DC19029}.Release|x86.ActiveCfg = Release|Win32
		{BB7B03FE-5852-4F38-8D24-107A3DC19029}.Release|x86.Build.0 = Release|Win32
		{BB7B03FE-5852-4F38-8D24-107A3DC19029}.RelWithDebInfo|x64.ActiveCfg = Release|x64
		{BB7B03FE-5852-4F38-8D24-107A3DC19029}.RelWithDebInfo|x64.Build.0 = Release|x64
		{BB7B03FE-5852-4F38-8D24-107A3DC19029}.RelWithDebInfo|x86.ActiveCfg = Release|Win32
		{BB7B03FE-5852-4F38-8D24-107A3DC19029}.RelWithDebInfo|x86.Build.0 = Release|Win32
	EndGlobalSection
	GlobalSection(SolutionProperties) = preSolution
		HideSolutionNode = FALSE
	EndGlobalSection
EndGlobal
