<?xml version="1.0" encoding="utf-8"?>
<Project ToolsVersion="4.0" xmlns="http://schemas.microsoft.com/developer/msbuild/2003">
  <ItemGroup>
    <Filter Include="include">
      <UniqueIdentifier>{93995380-89BD-4b04-88EB-625FBE52EBFB}</UniqueIdentifier>
      <Extensions>h;hh;hpp;hxx;hm;inl;inc;xsd</Extensions>
    </Filter>
    <Filter Include="src">
      <UniqueIdentifier>{4FC737F1-C7A5-4376-A066-2A32D752A2FF}</UniqueIdentifier>
      <Extensions>cpp;c;cc;cxx;def;odl;idl;hpj;bat;asm;asmx</Extensions>
    </Filter>
    <Filter Include="res">
      <UniqueIdentifier>{67DA6AB6-F800-4c08-8B7A-83BB121AAD01}</UniqueIdentifier>
      <Extensions>rc;ico;cur;bmp;dlg;rc2;rct;bin;rgs;gif;jpg;jpeg;jpe;resx;tiff;tif;png;wav;mfcribbon-ms</Extensions>
    </Filter>
    <Filter Include="include\mingw">
      <UniqueIdentifier>{ecf0533a-2ecd-4adb-8689-b4195716da5d}</UniqueIdentifier>
    </Filter>
    <Filter Include="include\mingw\sys">
      <UniqueIdentifier>{4b72002e-68fd-44e8-a197-b6497713a1c1}</UniqueIdentifier>
    </Filter>
  </ItemGroup>
  <ItemGroup>
    <ClInclude Include="..\..\inc\error_parser.h">
      <Filter>include</Filter>
    </ClInclude>
    <ClInclude Include="..\..\inc\libs3.h">
      <Filter>include</Filter>
    </ClInclude>
    <ClInclude Include="..\..\inc\request.h">
      <Filter>include</Filter>
    </ClInclude>
    <ClInclude Include="..\..\inc\request_context.h">
      <Filter>include</Filter>
    </ClInclude>
    <ClInclude Include="..\..\inc\response_headers_handler.h">
      <Filter>include</Filter>
    </ClInclude>
    <ClInclude Include="..\..\inc\simplexml.h">
      <Filter>include</Filter>
    </ClInclude>
    <ClInclude Include="..\..\inc\string_buffer.h">
      <Filter>include</Filter>
    </ClInclude>
    <ClInclude Include="..\..\inc\util.h">
      <Filter>include</Filter>
    </ClInclude>
    <ClInclude Include="..\..\inc\mingw\pthread.h">
      <Filter>include\mingw</Filter>
    </ClInclude>
    <ClInclude Include="..\..\inc\mingw\sys\select.h">
      <Filter>include\mingw\sys</Filter>
    </ClInclude>
    <ClInclude Include="..\..\inc\mingw\sys\utsname.h">
      <Filter>include\mingw\sys</Filter>
    </ClInclude>
    <ClInclude Include="..\..\inc\mingw\getopt.h">
      <Filter>include\mingw</Filter>
    </ClInclude>
    <ClInclude Include="..\..\inc\mingw\getopt_long.h">
      <Filter>include\mingw</Filter>
    </ClInclude>
  </ItemGroup>
  <ItemGroup>
    <ClCompile Include="..\..\src\acl.c">
      <Filter>src</Filter>
    </ClCompile>
    <ClCompile Include="..\..\src\bucket.c">
      <Filter>src</Filter>
    </ClCompile>
    <ClCompile Include="..\..\src\error_parser.c">
      <Filter>src</Filter>
    </ClCompile>
    <ClCompile Include="..\..\src\general.c">
      <Filter>src</Filter>
    </ClCompile>
    <ClCompile Include="..\..\src\multipart.c">
      <Filter>src</Filter>
    </ClCompile>
    <ClCompile Include="..\..\src\object.c">
      <Filter>src</Filter>
    </ClCompile>
    <ClCompile Include="..\..\src\request.c">
      <Filter>src</Filter>
    </ClCompile>
    <ClCompile Include="..\..\src\request_context.c">
      <Filter>src</Filter>
    </ClCompile>
    <ClCompile Include="..\..\src\response_headers_handler.c">
      <Filter>src</Filter>
    </ClCompile>
    <ClCompile Include="..\..\src\service.c">
      <Filter>src</Filter>
    </ClCompile>
    <ClCompile Include="..\..\src\service_access_logging.c">
      <Filter>src</Filter>
    </ClCompile>
    <ClCompile Include="..\..\src\simplexml.c">
      <Filter>src</Filter>
    </ClCompile>
    <ClCompile Include="..\..\src\testsimplexml.c">
      <Filter>src</Filter>
    </ClCompile>
    <ClCompile Include="..\..\src\util.c">
      <Filter>src</Filter>
    </ClCompile>
    <ClCompile Include="..\..\src\mingw_functions.c">
      <Filter>src</Filter>
    </ClCompile>
    <ClCompile Include="..\..\src\mingw_s3_functions.c">
      <Filter>src</Filter>
    </ClCompile>
    <ClCompile Include="..\..\src\getopt.c">
      <Filter>src</Filter>
    </ClCompile>
    <ClCompile Include="..\..\src\getopt_long.c">
      <Filter>src</Filter>
    </ClCompile>
  </ItemGroup>
  <ItemGroup>
    <None Include="..\libs3.def">
      <Filter>res</Filter>
    </None>
  </ItemGroup>
</Project>